
Microsoft Visual Studio Solution File, Format Version 12.00
# Visual Studio 15
VisualStudioVersion = 15.0.28010.2048
MinimumVisualStudioVersion = 10.0.40219.1
Project("{FAE04EC0-301F-11D3-BF4B-00C04F79EFBC}") = "HCImageDownload", "HCImageDownload\HCImageDownload.csproj", "{4C079A59-D81D-4DAE-ADA5-32E059E51121}"
EndProject
Global
	GlobalSection(SolutionConfigurationPlatforms) = preSolution
		Debug|Any CPU = Debug|Any CPU
		Release|Any CPU = Release|Any CPU
	EndGlobalSection
	GlobalSection(ProjectConfigurationPlatforms) = postSolution
		{4C079A59-D81D-4DAE-ADA5-32E059E51121}.Debug|Any CPU.ActiveCfg = Debug|Any CPU
		{4C079A59-D81D-4DAE-ADA5-32E059E51121}.Debug|Any CPU.Build.0 = Debug|Any CPU
		{4C079A59-D81D-4DAE-ADA5-32E059E51121}.Release|Any CPU.ActiveCfg = Release|Any CPU
		{4C079A59-D81D-4DAE-ADA5-32E059E51121}.Release|Any CPU.Build.0 = Release|Any CPU
	EndGlobalSection
	GlobalSection(SolutionProperties) = preSolution
		HideSolutionNode = FALSE
	EndGlobalSection
	GlobalSection(ExtensibilityGlobals) = postSolution
		SolutionGuid = {C8FCE44C-DF2E-42AE-854D-C0E8C17D975E}
	EndGlobalSection
EndGlobal
